
Microsoft Visual Studio Solution File, Format Version 12.00
# Visual Studio Version 17
VisualStudioVersion = 17.14.36203.30 d17.14
MinimumVisualStudioVersion = 10.0.40219.1
Project("{FAE04EC0-301F-11D3-BF4B-00C04F79EFBC}") = "laba3rpm3k2s", "laba3rpm3k2s.csproj", "{E311A6F2-D424-4B01-9CF2-9C27A349731C}"
EndProject
Global
	GlobalSection(SolutionConfigurationPlatforms) = preSolution
		Debug|Any CPU = Debug|Any CPU
		Release|Any CPU = Release|Any CPU
	EndGlobalSection
	GlobalSection(ProjectConfigurationPlatforms) = postSolution
		{E311A6F2-D424-4B01-9CF2-9C27A349731C}.Debug|Any CPU.ActiveCfg = Debug|Any CPU
		{E311A6F2-D424-4B01-9CF2-9C27A349731C}.Debug|Any CPU.Build.0 = Debug|Any CPU
		{E311A6F2-D424-4B01-9CF2-9C27A349731C}.Release|Any CPU.ActiveCfg = Release|Any CPU
		{E311A6F2-D424-4B01-9CF2-9C27A349731C}.Release|Any CPU.Build.0 = Release|Any CPU
	EndGlobalSection
	GlobalSection(SolutionProperties) = preSolution
		HideSolutionNode = FALSE
	EndGlobalSection
	GlobalSection(ExtensibilityGlobals) = postSolution
		SolutionGuid = {72B6802F-8229-4745-A0FF-A02FF7E3A3DB}
	EndGlobalSection
EndGlobal
